uuid: fd0f7bef-72c1-4183-8d10-778b5ef38cbd
langcode: en
status: true
dependencies:
  content:
    - 'block_content:basic:468f9ff3-7bfe-4c06-a5b0-3670c3fa3244'
  module:
    - block_content
  theme:
    - custom_theme
id: custom_theme_testblock
theme: custom_theme
region: sidebar_first
weight: 0
provider: null
plugin: 'block_content:468f9ff3-7bfe-4c06-a5b0-3670c3fa3244'
settings:
  id: 'block_content:468f9ff3-7bfe-4c06-a5b0-3670c3fa3244'
  label: 'test block'
  label_display: visible
  provider: block_content
  status: true
  info: ''
  view_mode: full
visibility: {  }
